
Microsoft Visual Studio Solution File, Format Version 12.00
# Visual Studio Version 17
VisualStudioVersion = 17.0.31903.59
MinimumVisualStudioVersion = 10.0.40219.1
Project("{9A19103F-16F7-4668-BE54-9A1E7A4F7556}") = "ECommerce.Api.Customers", "ECommerce.Api.Customers\ECommerce.Api.Customers.csproj", "{60C184FC-368A-4E6C-8F3B-8D7FFDB5B016}"
EndProject
Project("{9A19103F-16F7-4668-BE54-9A1E7A4F7556}") = "ECommerce.Api.Products", "ECommerce.Api.Products\ECommerce.Api.Products.csproj", "{87C6AA29-1C2C-45D0-9734-A9F3AAACC1C8}"
EndProject
Project("{9A19103F-16F7-4668-BE54-9A1E7A4F7556}") = "ECommerce.Api.Orders", "ECommerce.Api.Orders\ECommerce.Api.Orders.csproj", "{2101BB4A-3CE7-43A7-A4AE-A4C95EDE6A74}"
EndProject
Project("{9A19103F-16F7-4668-BE54-9A1E7A4F7556}") = "ECommerce.Api.Search", "ECommerce.Api.Search\ECommerce.Api.Search.csproj", "{396D1466-2914-42EE-8DC1-86DAEE3B39BD}"
EndProject
Project("{FAE04EC0-301F-11D3-BF4B-00C04F79EFBC}") = "ECommerce.Api.Products.Tests", "ECommerce.Api.Products.Tests\ECommerce.Api.Products.Tests.csproj", "{5C3984FC-9028-4E2A-9512-53B21A86BB95}"
EndProject
Global
	GlobalSection(SolutionConfigurationPlatforms) = preSolution
		Debug|Any CPU = Debug|Any CPU
		Release|Any CPU = Release|Any CPU
	EndGlobalSection
	GlobalSection(ProjectConfigurationPlatforms) = postSolution
		{60C184FC-368A-4E6C-8F3B-8D7FFDB5B016}.Debug|Any CPU.ActiveCfg = Debug|Any CPU
		{60C184FC-368A-4E6C-8F3B-8D7FFDB5B016}.Debug|Any CPU.Build.0 = Debug|Any CPU
		{60C184FC-368A-4E6C-8F3B-8D7FFDB5B016}.Release|Any CPU.ActiveCfg = Release|Any CPU
		{60C184FC-368A-4E6C-8F3B-8D7FFDB5B016}.Release|Any CPU.Build.0 = Release|Any CPU
		{87C6AA29-1C2C-45D0-9734-A9F3AAACC1C8}.Debug|Any CPU.ActiveCfg = Debug|Any CPU
		{87C6AA29-1C2C-45D0-9734-A9F3AAACC1C8}.Debug|Any CPU.Build.0 = Debug|Any CPU
		{87C6AA29-1C2C-45D0-9734-A9F3AAACC1C8}.Release|Any CPU.ActiveCfg = Release|Any CPU
		{87C6AA29-1C2C-45D0-9734-A9F3AAACC1C8}.Release|Any CPU.Build.0 = Release|Any CPU
		{2101BB4A-3CE7-43A7-A4AE-A4C95EDE6A74}.Debug|Any CPU.ActiveCfg = Debug|Any CPU
		{2101BB4A-3CE7-43A7-A4AE-A4C95EDE6A74}.Debug|Any CPU.Build.0 = Debug|Any CPU
		{2101BB4A-3CE7-43A7-A4AE-A4C95EDE6A74}.Release|Any CPU.ActiveCfg = Release|Any CPU
		{2101BB4A-3CE7-43A7-A4AE-A4C95EDE6A74}.Release|Any CPU.Build.0 = Release|Any CPU
		{396D1466-2914-42EE-8DC1-86DAEE3B39BD}.Debug|Any CPU.ActiveCfg = Debug|Any CPU
		{396D1466-2914-42EE-8DC1-86DAEE3B39BD}.Debug|Any CPU.Build.0 = Debug|Any CPU
		{396D1466-2914-42EE-8DC1-86DAEE3B39BD}.Release|Any CPU.ActiveCfg = Release|Any CPU
		{396D1466-2914-42EE-8DC1-86DAEE3B39BD}.Release|Any CPU.Build.0 = Release|Any CPU
		{5C3984FC-9028-4E2A-9512-53B21A86BB95}.Debug|Any CPU.ActiveCfg = Debug|Any CPU
		{5C3984FC-9028-4E2A-9512-53B21A86BB95}.Debug|Any CPU.Build.0 = Debug|Any CPU
		{5C3984FC-9028-4E2A-9512-53B21A86BB95}.Release|Any CPU.ActiveCfg = Release|Any CPU
		{5C3984FC-9028-4E2A-9512-53B21A86BB95}.Release|Any CPU.Build.0 = Release|Any CPU
	EndGlobalSection
	GlobalSection(SolutionProperties) = preSolution
		HideSolutionNode = FALSE
	EndGlobalSection
	GlobalSection(ExtensibilityGlobals) = postSolution
		SolutionGuid = {BA579043-5BC8-425B-871C-BB5EC373B022}
	EndGlobalSection
EndGlobal
